
Microsoft Visual Studio Solution File, Format Version 12.00
# Visual Studio 15
VisualStudioVersion = 15.0.27428.2005
MinimumVisualStudioVersion = 10.0.40219.1
Project("{9A19103F-16F7-4668-BE54-9A1E7A4F7556}") = "Skor.EFCoreExtensions", "Skor.EFCoreExtensions.csproj", "{D80E5350-7954-4D7A-8A54-5B3F69C59562}"
EndProject
Project("{FAE04EC0-301F-11D3-BF4B-00C04F79EFBC}") = "Skor.EFCoreExtensions.Example", "..\Skor.EFCoreExtensions.Example\Skor.EFCoreExtensions.Example.csproj", "{28BABFC6-9B6F-4969-BF35-BDB94441E790}"
EndProject
Global
	GlobalSection(SolutionConfigurationPlatforms) = preSolution
		Debug|Any CPU = Debug|Any CPU
		Release|Any CPU = Release|Any CPU
	EndGlobalSection
	GlobalSection(ProjectConfigurationPlatforms) = postSolution
		{D80E5350-7954-4D7A-8A54-5B3F69C59562}.Debug|Any CPU.ActiveCfg = Debug|Any CPU
		{D80E5350-7954-4D7A-8A54-5B3F69C59562}.Debug|Any CPU.Build.0 = Debug|Any CPU
		{D80E5350-7954-4D7A-8A54-5B3F69C59562}.Release|Any CPU.ActiveCfg = Release|Any CPU
		{D80E5350-7954-4D7A-8A54-5B3F69C59562}.Release|Any CPU.Build.0 = Release|Any CPU
		{28BABFC6-9B6F-4969-BF35-BDB94441E790}.Debug|Any CPU.ActiveCfg = Debug|Any CPU
		{28BABFC6-9B6F-4969-BF35-BDB94441E790}.Debug|Any CPU.Build.0 = Debug|Any CPU
		{28BABFC6-9B6F-4969-BF35-BDB94441E790}.Release|Any CPU.ActiveCfg = Release|Any CPU
		{28BABFC6-9B6F-4969-BF35-BDB94441E790}.Release|Any CPU.Build.0 = Release|Any CPU
	EndGlobalSection
	GlobalSection(SolutionProperties) = preSolution
		HideSolutionNode = FALSE
	EndGlobalSection
	GlobalSection(ExtensibilityGlobals) = postSolution
		SolutionGuid = {3324D8CF-5121-4F47-B7DD-E3DD782AFD84}
	EndGlobalSection
EndGlobal
